
Microsoft Visual Studio Solution File, Format Version 12.00
# Visual Studio Version 17
VisualStudioVersion = 17.0.31903.59
MinimumVisualStudioVersion = 10.0.40219.1
Project("{2150E333-8FDC-42A3-9474-1A3956D46DE8}") = "winshell.common", "winshell.common", "{EE46D75A-BFCA-A366-2FAF-FE17D9CC1DA7}"
EndProject
Project("{FAE04EC0-301F-11D3-BF4B-00C04F79EFBC}") = "WinShell.Common", "winshell.common\WinShell.Common.csproj", "{66F378C0-677E-4DF0-A17D-A872F4A7141C}"
EndProject
Project("{FAE04EC0-301F-11D3-BF4B-00C04F79EFBC}") = "WinShell.Core", "winshell.core\WinShell.Core.csproj", "{526A9BDE-6F11-43DC-8B2D-F0EB61B4B1F4}"
EndProject
Project("{FAE04EC0-301F-11D3-BF4B-00C04F79EFBC}") = "WinShell.CLI", "winshell.cli\WinShell.CLI.csproj", "{7F3F6A56-02B8-4AFE-B355-3D7BBC1CFB73}"
EndProject
Project("{FAE04EC0-301F-11D3-BF4B-00C04F79EFBC}") = "WinShell.GUI", "winshell.gui\WinShell.GUI.csproj", "{BE806980-5FE6-4B0B-92A8-11F02F22D323}"
EndProject
Global
	GlobalSection(SolutionConfigurationPlatforms) = preSolution
		Debug|Any CPU = Debug|Any CPU
		Debug|x64 = Debug|x64
		Debug|x86 = Debug|x86
		Release|Any CPU = Release|Any CPU
		Release|x64 = Release|x64
		Release|x86 = Release|x86
	EndGlobalSection
	GlobalSection(ProjectConfigurationPlatforms) = postSolution
		{66F378C0-677E-4DF0-A17D-A872F4A7141C}.Debug|Any CPU.ActiveCfg = Debug|Any CPU
		{66F378C0-677E-4DF0-A17D-A872F4A7141C}.Debug|Any CPU.Build.0 = Debug|Any CPU
		{66F378C0-677E-4DF0-A17D-A872F4A7141C}.Debug|x64.ActiveCfg = Debug|Any CPU
		{66F378C0-677E-4DF0-A17D-A872F4A7141C}.Debug|x64.Build.0 = Debug|Any CPU
		{66F378C0-677E-4DF0-A17D-A872F4A7141C}.Debug|x86.ActiveCfg = Debug|Any CPU
		{66F378C0-677E-4DF0-A17D-A872F4A7141C}.Debug|x86.Build.0 = Debug|Any CPU
		{66F378C0-677E-4DF0-A17D-A872F4A7141C}.Release|Any CPU.ActiveCfg = Release|Any CPU
		{66F378C0-677E-4DF0-A17D-A872F4A7141C}.Release|Any CPU.Build.0 = Release|Any CPU
		{66F378C0-677E-4DF0-A17D-A872F4A7141C}.Release|x64.ActiveCfg = Release|Any CPU
		{66F378C0-677E-4DF0-A17D-A872F4A7141C}.Release|x64.Build.0 = Release|Any CPU
		{66F378C0-677E-4DF0-A17D-A872F4A7141C}.Release|x86.ActiveCfg = Release|Any CPU
		{66F378C0-677E-4DF0-A17D-A872F4A7141C}.Release|x86.Build.0 = Release|Any CPU
		{526A9BDE-6F11-43DC-8B2D-F0EB61B4B1F4}.Debug|Any CPU.ActiveCfg = Debug|Any CPU
		{526A9BDE-6F11-43DC-8B2D-F0EB61B4B1F4}.Debug|Any CPU.Build.0 = Debug|Any CPU
		{526A9BDE-6F11-43DC-8B2D-F0EB61B4B1F4}.Debug|x64.ActiveCfg = Debug|Any CPU
		{526A9BDE-6F11-43DC-8B2D-F0EB61B4B1F4}.Debug|x64.Build.0 = Debug|Any CPU
		{526A9BDE-6F11-43DC-8B2D-F0EB61B4B1F4}.Debug|x86.ActiveCfg = Debug|Any CPU
		{526A9BDE-6F11-43DC-8B2D-F0EB61B4B1F4}.Debug|x86.Build.0 = Debug|Any CPU
		{526A9BDE-6F11-43DC-8B2D-F0EB61B4B1F4}.Release|Any CPU.ActiveCfg = Release|Any CPU
		{526A9BDE-6F11-43DC-8B2D-F0EB61B4B1F4}.Release|Any CPU.Build.0 = Release|Any CPU
		{526A9BDE-6F11-43DC-8B2D-F0EB61B4B1F4}.Release|x64.ActiveCfg = Release|Any CPU
		{526A9BDE-6F11-43DC-8B2D-F0EB61B4B1F4}.Release|x64.Build.0 = Release|Any CPU
		{526A9BDE-6F11-43DC-8B2D-F0EB61B4B1F4}.Release|x86.ActiveCfg = Release|Any CPU
		{526A9BDE-6F11-43DC-8B2D-F0EB61B4B1F4}.Release|x86.Build.0 = Release|Any CPU
		{7F3F6A56-02B8-4AFE-B355-3D7BBC1CFB73}.Debug|Any CPU.ActiveCfg = Debug|Any CPU
		{7F3F6A56-02B8-4AFE-B355-3D7BBC1CFB73}.Debug|Any CPU.Build.0 = Debug|Any CPU
		{7F3F6A56-02B8-4AFE-B355-3D7BBC1CFB73}.Debug|x64.ActiveCfg = Debug|Any CPU
		{7F3F6A56-02B8-4AFE-B355-3D7BBC1CFB73}.Debug|x64.Build.0 = Debug|Any CPU
		{7F3F6A56-02B8-4AFE-B355-3D7BBC1CFB73}.Debug|x86.ActiveCfg = Debug|Any CPU
		{7F3F6A56-02B8-4AFE-B355-3D7BBC1CFB73}.Debug|x86.Build.0 = Debug|Any CPU
		{7F3F6A56-02B8-4AFE-B355-3D7BBC1CFB73}.Release|Any CPU.ActiveCfg = Release|Any CPU
		{7F3F6A56-02B8-4AFE-B355-3D7BBC1CFB73}.Release|Any CPU.Build.0 = Release|Any CPU
		{7F3F6A56-02B8-4AFE-B355-3D7BBC1CFB73}.Release|x64.ActiveCfg = Release|Any CPU
		{7F3F6A56-02B8-4AFE-B355-3D7BBC1CFB73}.Release|x64.Build.0 = Release|Any CPU
		{7F3F6A56-02B8-4AFE-B355-3D7BBC1CFB73}.Release|x86.ActiveCfg = Release|Any CPU
		{7F3F6A56-02B8-4AFE-B355-3D7BBC1CFB73}.Release|x86.Build.0 = Release|Any CPU
		{BE806980-5FE6-4B0B-92A8-11F02F22D323}.Debug|Any CPU.ActiveCfg = Debug|Any CPU
		{BE806980-5FE6-4B0B-92A8-11F02F22D323}.Debug|Any CPU.Build.0 = Debug|Any CPU
		{BE806980-5FE6-4B0B-92A8-11F02F22D323}.Debug|x64.ActiveCfg = Debug|Any CPU
		{BE806980-5FE6-4B0B-92A8-11F02F22D323}.Debug|x64.Build.0 = Debug|Any CPU
		{BE806980-5FE6-4B0B-92A8-11F02F22D323}.Debug|x86.ActiveCfg = Debug|Any CPU
		{BE806980-5FE6-4B0B-92A8-11F02F22D323}.Debug|x86.Build.0 = Debug|Any CPU
		{BE806980-5FE6-4B0B-92A8-11F02F22D323}.Release|Any CPU.ActiveCfg = Release|Any CPU
		{BE806980-5FE6-4B0B-92A8-11F02F22D323}.Release|Any CPU.Build.0 = Release|Any CPU
		{BE806980-5FE6-4B0B-92A8-11F02F22D323}.Release|x64.ActiveCfg = Release|Any CPU
		{BE806980-5FE6-4B0B-92A8-11F02F22D323}.Release|x64.Build.0 = Release|Any CPU
		{BE806980-5FE6-4B0B-92A8-11F02F22D323}.Release|x86.ActiveCfg = Release|Any CPU
		{BE806980-5FE6-4B0B-92A8-11F02F22D323}.Release|x86.Build.0 = Release|Any CPU
	EndGlobalSection
	GlobalSection(SolutionProperties) = preSolution
		HideSolutionNode = FALSE
	EndGlobalSection
	GlobalSection(NestedProjects) = preSolution
		{66F378C0-677E-4DF0-A17D-A872F4A7141C} = {EE46D75A-BFCA-A366-2FAF-FE17D9CC1DA7}
		{526A9BDE-6F11-43DC-8B2D-F0EB61B4B1F4} = {EE46D75A-BFCA-A366-2FAF-FE17D9CC1DA7}
		{7F3F6A56-02B8-4AFE-B355-3D7BBC1CFB73} = {EE46D75A-BFCA-A366-2FAF-FE17D9CC1DA7}
		{BE806980-5FE6-4B0B-92A8-11F02F22D323} = {EE46D75A-BFCA-A366-2FAF-FE17D9CC1DA7}
	EndGlobalSection
EndGlobal
